{
  "name": "assets",
  "lockfileVersion": 3,
  "requires": true,
  "packages": {
    "": {
      "dependencies": {
        "@monaco-editor/loader": "^1.4.0",
        "@xterm/addon-fit": "^0.10.0",
        "@xterm/xterm": "^5.5.0",
        "fontawesome-free": "^1.0.4"
      },
      "devDependencies": {
        "@iconify/tailwind": "^1.1.1",
        "@types/phoenix": "^1.6.4",
        "@types/phoenix_live_view": "^0.18.5"
      }
    },
    "node_modules/@iconify/tailwind": {
      "version": "1.1.1",
      "resolved": "https://registry.npmjs.org/@iconify/tailwind/-/tailwind-1.1.1.tgz",
      "integrity": "sha512-4mmA//qjZigv7D4KlqcVSYTqfRIJzyts2/lSCAJfCL0rVMIE76+ifJnaE5jxCo1+nYGBF8FsFo0qFOs+sX4EnA==",
      "dev": true,
      "dependencies": {
        "@iconify/types": "^2.0.0"
      },
      "funding": {
        "url": "https://github.com/sponsors/cyberalien"
      }
    },
    "node_modules/@iconify/types": {
      "version": "2.0.0",
      "resolved": "https://registry.npmjs.org/@iconify/types/-/types-2.0.0.tgz",
      "integrity": "sha512-+wluvCrRhXrhyOmRDJ3q8mux9JkKy5SJ/v8ol2tu4FVjyYvtEzkc/3pK15ET6RKg4b4w4BmTk1+gsCUhf21Ykg==",
      "dev": true
    },
    "node_modules/@monaco-editor/loader": {
      "version": "1.4.0",
      "resolved": "https://registry.npmjs.org/@monaco-editor/loader/-/loader-1.4.0.tgz",
      "integrity": "sha512-00ioBig0x642hytVspPl7DbQyaSWRaolYie/UFNjoTdvoKPzo6xrXLhTk9ixgIKcLH5b5vDOjVNiGyY+uDCUlg==",
      "dependencies": {
        "state-local": "^1.0.6"
      },
      "peerDependencies": {
        "monaco-editor": ">= 0.21.0 < 1"
      }
    },
    "node_modules/@types/phoenix": {
      "version": "1.6.4",
      "resolved": "https://registry.npmjs.org/@types/phoenix/-/phoenix-1.6.4.tgz",
      "integrity": "sha512-B34A7uot1Cv0XtaHRYDATltAdKx0BvVKNgYNqE4WjtPUa4VQJM7kxeXcVKaH+KS+kCmZ+6w+QaUdcljiheiBJA==",
      "dev": true
    },
    "node_modules/@types/phoenix_live_view": {
      "version": "0.18.5",
      "resolved": "https://registry.npmjs.org/@types/phoenix_live_view/-/phoenix_live_view-0.18.5.tgz",
      "integrity": "sha512-mxj3KVkp+wX+hLFAILTbfIx5Q890TBgs/jxc6nmmVv6bW6Z9qer/5tZtGOcL3IES75QqqOHSTrjwwz0iZBs0lw==",
      "dev": true,
      "dependencies": {
        "@types/phoenix": "*"
      }
    },
    "node_modules/@xterm/addon-fit": {
      "version": "0.10.0",
      "resolved": "https://registry.npmjs.org/@xterm/addon-fit/-/addon-fit-0.10.0.tgz",
      "integrity": "sha512-UFYkDm4HUahf2lnEyHvio51TNGiLK66mqP2JoATy7hRZeXaGMRDr00JiSF7m63vR5WKATF605yEggJKsw0JpMQ==",
      "peerDependencies": {
        "@xterm/xterm": "^5.0.0"
      }
    },
    "node_modules/@xterm/xterm": {
      "version": "5.5.0",
      "resolved": "https://registry.npmjs.org/@xterm/xterm/-/xterm-5.5.0.tgz",
      "integrity": "sha512-hqJHYaQb5OptNunnyAnkHyM8aCjZ1MEIDTQu1iIbbTD/xops91NB5yq1ZK/dC2JDbVWtF23zUtl9JE2NqwT87A=="
    },
    "node_modules/fontawesome-free": {
      "version": "1.0.4",
      "resolved": "https://registry.npmjs.org/fontawesome-free/-/fontawesome-free-1.0.4.tgz",
      "integrity": "sha512-7sX6Lbg2oQiClFFFFitJlKg20h3YTBON6rdmq3uGjNwDo8G6EjF2bfj2OjjcCUmf4OvZCgyHaXfW2JseqissLw=="
    },
    "node_modules/monaco-editor": {
      "version": "0.49.0",
      "resolved": "https://registry.npmjs.org/monaco-editor/-/monaco-editor-0.49.0.tgz",
      "integrity": "sha512-2I8/T3X/hLxB2oPHgqcNYUVdA/ZEFShT7IAujifIPMfKkNbLOqY8XCoyHCXrsdjb36dW9MwoTwBCFpXKMwNwaQ==",
      "peer": true
    },
    "node_modules/state-local": {
      "version": "1.0.7",
      "resolved": "https://registry.npmjs.org/state-local/-/state-local-1.0.7.tgz",
      "integrity": "sha512-HTEHMNieakEnoe33shBYcZ7NX83ACUjCu8c40iOGEZsngj9zRnkqS9j1pqQPXwobB0ZcVTk27REb7COQ0UR59w=="
    }
  }
}
